<?xml version="1.0" encoding="utf-8"?>
<Project ToolsVersion="4.0" xmlns="http://schemas.microsoft.com/developer/msbuild/2003">
  <ItemGroup>
    <Filter Include="소스 파일">
      <UniqueIdentifier>{4FC737F1-C7A5-4376-A066-2A32D752A2FF}</UniqueIdentifier>
      <Extensions>cpp;c;cc;cxx;def;odl;idl;hpj;bat;asm;asmx</Extensions>
    </Filter>
    <Filter Include="헤더 파일">
      <UniqueIdentifier>{93995380-89BD-4b04-88EB-625FBE52EBFB}</UniqueIdentifier>
      <Extensions>h;hh;hpp;hxx;hm;inl;inc;xsd</Extensions>
    </Filter>
    <Filter Include="리소스 파일">
      <UniqueIdentifier>{67DA6AB6-F800-4c08-8B7A-83BB121AAD01}</UniqueIdentifier>
      <Extensions>rc;ico;cur;bmp;dlg;rc2;rct;bin;rgs;gif;jpg;jpeg;jpe;resx;tiff;tif;png;wav;mfcribbon-ms</Extensions>
    </Filter>
  </ItemGroup>
  <ItemGroup>
    <ClCompile Include="onedayExample1.c">
      <Filter>소스 파일</Filter>
    </ClCompile>
    <ClCompile Include="onedayExample2.c">
      <Filter>소스 파일</Filter>
    </ClCompile>
    <ClCompile Include="example3.c">
      <Filter>소스 파일</Filter>
    </ClCompile>
    <ClCompile Include="fortotalexample1.c">
      <Filter>소스 파일</Filter>
    </ClCompile>
    <ClCompile Include="fortotalexmaple2.c">
      <Filter>소스 파일</Filter>
    </ClCompile>
    <ClCompile Include="fortotalexample3.c">
      <Filter>소스 파일</Filter>
    </ClCompile>
    <ClCompile Include="fortotalexample4.c">
      <Filter>소스 파일</Filter>
    </ClCompile>
    <ClCompile Include="doexample1.c">
      <Filter>소스 파일</Filter>
    </ClCompile>
    <ClCompile Include="doexample2.c">
      <Filter>소스 파일</Filter>
    </ClCompile>
    <ClCompile Include="switchExample1.c">
      <Filter>소스 파일</Filter>
    </ClCompile>
    <ClCompile Include="switchExample2.c">
      <Filter>소스 파일</Filter>
    </ClCompile>
    <ClCompile Include="example.c">
      <Filter>소스 파일</Filter>
    </ClCompile>
    <ClCompile Include="example2.c">
      <Filter>소스 파일</Filter>
    </ClCompile>
    <ClCompile Include="pointexample.c">
      <Filter>소스 파일</Filter>
    </ClCompile>
    <ClCompile Include="pointexample2.c">
      <Filter>소스 파일</Filter>
    </ClCompile>
    <ClCompile Include="pointexample3.c">
      <Filter>소스 파일</Filter>
    </ClCompile>
    <ClCompile Include="pointeexample4.c">
      <Filter>소스 파일</Filter>
    </ClCompile>
    <ClCompile Include="pointexample4.c">
      <Filter>소스 파일</Filter>
    </ClCompile>
    <ClCompile Include="pointexample5.c">
      <Filter>소스 파일</Filter>
    </ClCompile>
    <ClCompile Include="pointexample6.c">
      <Filter>소스 파일</Filter>
    </ClCompile>
    <ClCompile Include="funcexample1.c">
      <Filter>소스 파일</Filter>
    </ClCompile>
    <ClCompile Include="arrayexample.c">
      <Filter>소스 파일</Filter>
    </ClCompile>
    <ClCompile Include="arrayexample2.c">
      <Filter>소스 파일</Filter>
    </ClCompile>
    <ClCompile Include="arrayexample3.c">
      <Filter>소스 파일</Filter>
    </ClCompile>
    <ClCompile Include="arrayexample4.c">
      <Filter>소스 파일</Filter>
    </ClCompile>
    <ClCompile Include="arrayexample5.c">
      <Filter>소스 파일</Filter>
    </ClCompile>
    <ClCompile Include="strexample1.c">
      <Filter>소스 파일</Filter>
    </ClCompile>
    <ClCompile Include="strexample2.c">
      <Filter>소스 파일</Filter>
    </ClCompile>
    <ClCompile Include="strexample3.c">
      <Filter>소스 파일</Filter>
    </ClCompile>
    <ClCompile Include="point1.c">
      <Filter>소스 파일</Filter>
    </ClCompile>
    <ClCompile Include="funcexample2.c">
      <Filter>소스 파일</Filter>
    </ClCompile>
    <ClCompile Include="structexample1.c">
      <Filter>소스 파일</Filter>
    </ClCompile>
    <ClCompile Include="structexample2.c">
      <Filter>소스 파일</Filter>
    </ClCompile>
    <ClCompile Include="mystrlen.c">
      <Filter>소스 파일</Filter>
    </ClCompile>
    <ClCompile Include="myfindchar.c">
      <Filter>소스 파일</Filter>
    </ClCompile>
    <ClCompile Include="changechar.c">
      <Filter>소스 파일</Filter>
    </ClCompile>
  </ItemGroup>
</Project>